PODS:
  - domain (0.0.9)
  - presentation (0.0.9)

DEPENDENCIES:
  - domain (from `../shared/domain`)
  - presentation (from `../shared/presentation`)

EXTERNAL SOURCES:
  domain:
    :path: "../shared/domain"
  presentation:
    :path: "../shared/presentation"

SPEC CHECKSUMS:
  domain: 47abf0eea12f1e6f5b4f15c05dd23f437ec5478f
  presentation: 55df2024e1ee347459ecf9349d6e1fde59450eef

PODFILE CHECKSUM: e4e5bb187d8247572973af90a35b57b84c96b4c6

COCOAPODS: 1.16.2
