PODS:
  - domain (0.0.1)
  - presentation (0.0.1)

DEPENDENCIES:
  - domain (from `../shared/domain`)
  - presentation (from `../shared/presentation`)

EXTERNAL SOURCES:
  domain:
    :path: "../shared/domain"
  presentation:
    :path: "../shared/presentation"

SPEC CHECKSUMS:
  domain: 398a8494649d845aa57f022a9ffb8be987298e80
  presentation: afb0cb7a678bc1771eb3882a43a82f0acdff0258

PODFILE CHECKSUM: e4e5bb187d8247572973af90a35b57b84c96b4c6

COCOAPODS: 1.15.2
