PODS:
  - domain (0.1.0)
  - presentation (0.1.0)

DEPENDENCIES:
  - domain (from `../shared/domain`)
  - presentation (from `../shared/presentation`)

EXTERNAL SOURCES:
  domain:
    :path: "../shared/domain"
  presentation:
    :path: "../shared/presentation"

SPEC CHECKSUMS:
  domain: 9e41810b9f2566b5887bec51261c1ec081dbe75e
  presentation: fc882721c332373663c652210cdcc2502753a817

PODFILE CHECKSUM: 5a36d95b68265bb0bb0575c57143d1b6e0d6fb38

COCOAPODS: 1.16.2
