PODS:
  - domain (0.0.12)
  - presentation (0.0.12)

DEPENDENCIES:
  - domain (from `../shared/domain`)
  - presentation (from `../shared/presentation`)

EXTERNAL SOURCES:
  domain:
    :path: "../shared/domain"
  presentation:
    :path: "../shared/presentation"

SPEC CHECKSUMS:
  domain: 88a85399cb04c44ee0661485be5d068962e4b03c
  presentation: 03ffdbac3db0315629aa487f6f17028843c7c2ad

PODFILE CHECKSUM: 5a36d95b68265bb0bb0575c57143d1b6e0d6fb38

COCOAPODS: 1.16.2
